
Microsoft Visual Studio Solution File, Format Version 12.00
# Visual Studio Version 16
VisualStudioVersion = 16.0.30011.22
MinimumVisualStudioVersion = 10.0.40219.1
Project("{2150E333-8FDC-42A3-9474-1A3956D46DE8}") = "Common", "Common", "{AFA3EC5F-6820-4CA9-9855-3B6F43C63452}"
EndProject
Project("{2150E333-8FDC-42A3-9474-1A3956D46DE8}") = "Client", "Client", "{78CA7136-5406-4E29-B146-83AB482F217E}"
EndProject
Project("{9A19103F-16F7-4668-BE54-9A1E7A4F7556}") = "Akanami.FastDev.Client", "Client\Akanami.FastDev.Client\Akanami.FastDev.Client.csproj", "{58D14D34-8642-4E85-94C0-980E0817DA0D}"
EndProject
Project("{9A19103F-16F7-4668-BE54-9A1E7A4F7556}") = "Akanami.UI.WPF", "Common\Akanami.UI.WPF\Akanami.UI.WPF.csproj", "{A32E3DD7-2595-47F2-9E66-B2E04FB1B0CD}"
EndProject
Project("{9A19103F-16F7-4668-BE54-9A1E7A4F7556}") = "Akanami.FastDev.Infrastructure", "Client\Akanami.FastDev.Infrastructure\Akanami.FastDev.Infrastructure.csproj", "{1D2AB177-9913-48B4-91C5-546BA10AFDD1}"
EndProject
Project("{9A19103F-16F7-4668-BE54-9A1E7A4F7556}") = "Akanami.FastDev.UI", "Client\Akanami.FastDev.UI\Akanami.FastDev.UI.csproj", "{85F098A1-9951-4725-88F2-9F23C62B0DD0}"
EndProject
Project("{2150E333-8FDC-42A3-9474-1A3956D46DE8}") = "Background", "Background", "{697923ED-1E2C-4468-AA27-086570C12DF8}"
EndProject
Project("{9A19103F-16F7-4668-BE54-9A1E7A4F7556}") = "Akanami.FastDev.Service", "Background\Akanami.FastDev.Service\Akanami.FastDev.Service.csproj", "{EB9D64E0-49A6-4773-8460-543BA86EF8F3}"
EndProject
Project("{2150E333-8FDC-42A3-9474-1A3956D46DE8}") = "tests", "tests", "{8741AA90-C15C-49F6-A1DC-B33AB78926A1}"
EndProject
Project("{2150E333-8FDC-42A3-9474-1A3956D46DE8}") = "Modules", "Modules", "{97E679CB-D8AD-47FB-870C-E792D4A93026}"
EndProject
Project("{2150E333-8FDC-42A3-9474-1A3956D46DE8}") = "QuickStart", "QuickStart", "{947D1AEE-09C9-4274-8824-F35FA13D0007}"
EndProject
Project("{FAE04EC0-301F-11D3-BF4B-00C04F79EFBC}") = "Akanami.FastDev.QuickStart", "Modules\QuickStart\Akanami.FastDev.QuickStart\Akanami.FastDev.QuickStart.csproj", "{BD62F782-8BAB-4D83-AFB0-749B1C350D47}"
EndProject
Global
	GlobalSection(SolutionConfigurationPlatforms) = preSolution
		Debug|Any CPU = Debug|Any CPU
		Release|Any CPU = Release|Any CPU
	EndGlobalSection
	GlobalSection(ProjectConfigurationPlatforms) = postSolution
		{58D14D34-8642-4E85-94C0-980E0817DA0D}.Debug|Any CPU.ActiveCfg = Debug|Any CPU
		{58D14D34-8642-4E85-94C0-980E0817DA0D}.Debug|Any CPU.Build.0 = Debug|Any CPU
		{58D14D34-8642-4E85-94C0-980E0817DA0D}.Release|Any CPU.ActiveCfg = Release|Any CPU
		{58D14D34-8642-4E85-94C0-980E0817DA0D}.Release|Any CPU.Build.0 = Release|Any CPU
		{A32E3DD7-2595-47F2-9E66-B2E04FB1B0CD}.Debug|Any CPU.ActiveCfg = Debug|Any CPU
		{A32E3DD7-2595-47F2-9E66-B2E04FB1B0CD}.Debug|Any CPU.Build.0 = Debug|Any CPU
		{A32E3DD7-2595-47F2-9E66-B2E04FB1B0CD}.Release|Any CPU.ActiveCfg = Release|Any CPU
		{A32E3DD7-2595-47F2-9E66-B2E04FB1B0CD}.Release|Any CPU.Build.0 = Release|Any CPU
		{1D2AB177-9913-48B4-91C5-546BA10AFDD1}.Debug|Any CPU.ActiveCfg = Debug|Any CPU
		{1D2AB177-9913-48B4-91C5-546BA10AFDD1}.Debug|Any CPU.Build.0 = Debug|Any CPU
		{1D2AB177-9913-48B4-91C5-546BA10AFDD1}.Release|Any CPU.ActiveCfg = Release|Any CPU
		{1D2AB177-9913-48B4-91C5-546BA10AFDD1}.Release|Any CPU.Build.0 = Release|Any CPU
		{85F098A1-9951-4725-88F2-9F23C62B0DD0}.Debug|Any CPU.ActiveCfg = Debug|Any CPU
		{85F098A1-9951-4725-88F2-9F23C62B0DD0}.Debug|Any CPU.Build.0 = Debug|Any CPU
		{85F098A1-9951-4725-88F2-9F23C62B0DD0}.Release|Any CPU.ActiveCfg = Release|Any CPU
		{85F098A1-9951-4725-88F2-9F23C62B0DD0}.Release|Any CPU.Build.0 = Release|Any CPU
		{EB9D64E0-49A6-4773-8460-543BA86EF8F3}.Debug|Any CPU.ActiveCfg = Debug|Any CPU
		{EB9D64E0-49A6-4773-8460-543BA86EF8F3}.Debug|Any CPU.Build.0 = Debug|Any CPU
		{EB9D64E0-49A6-4773-8460-543BA86EF8F3}.Release|Any CPU.ActiveCfg = Release|Any CPU
		{EB9D64E0-49A6-4773-8460-543BA86EF8F3}.Release|Any CPU.Build.0 = Release|Any CPU
		{BD62F782-8BAB-4D83-AFB0-749B1C350D47}.Debug|Any CPU.ActiveCfg = Debug|Any CPU
		{BD62F782-8BAB-4D83-AFB0-749B1C350D47}.Debug|Any CPU.Build.0 = Debug|Any CPU
		{BD62F782-8BAB-4D83-AFB0-749B1C350D47}.Release|Any CPU.ActiveCfg = Release|Any CPU
		{BD62F782-8BAB-4D83-AFB0-749B1C350D47}.Release|Any CPU.Build.0 = Release|Any CPU
	EndGlobalSection
	GlobalSection(SolutionProperties) = preSolution
		HideSolutionNode = FALSE
	EndGlobalSection
	GlobalSection(NestedProjects) = preSolution
		{58D14D34-8642-4E85-94C0-980E0817DA0D} = {78CA7136-5406-4E29-B146-83AB482F217E}
		{A32E3DD7-2595-47F2-9E66-B2E04FB1B0CD} = {AFA3EC5F-6820-4CA9-9855-3B6F43C63452}
		{1D2AB177-9913-48B4-91C5-546BA10AFDD1} = {78CA7136-5406-4E29-B146-83AB482F217E}
		{85F098A1-9951-4725-88F2-9F23C62B0DD0} = {78CA7136-5406-4E29-B146-83AB482F217E}
		{EB9D64E0-49A6-4773-8460-543BA86EF8F3} = {697923ED-1E2C-4468-AA27-086570C12DF8}
		{947D1AEE-09C9-4274-8824-F35FA13D0007} = {97E679CB-D8AD-47FB-870C-E792D4A93026}
		{BD62F782-8BAB-4D83-AFB0-749B1C350D47} = {947D1AEE-09C9-4274-8824-F35FA13D0007}
	EndGlobalSection
	GlobalSection(ExtensibilityGlobals) = postSolution
		SolutionGuid = {D72B4268-7A3D-4A32-938A-C5169ECCA2EA}
	EndGlobalSection
EndGlobal
