
Microsoft Visual Studio Solution File, Format Version 12.00
# Visual Studio Version 16
VisualStudioVersion = 16.0.30011.22
MinimumVisualStudioVersion = 10.0.40219.1
Project("{2150E333-8FDC-42A3-9474-1A3956D46DE8}") = "Common", "Common", "{AFA3EC5F-6820-4CA9-9855-3B6F43C63452}"
EndProject
Project("{2150E333-8FDC-42A3-9474-1A3956D46DE8}") = "Client", "Client", "{78CA7136-5406-4E29-B146-83AB482F217E}"
EndProject
Project("{2150E333-8FDC-42A3-9474-1A3956D46DE8}") = "Background", "Background", "{697923ED-1E2C-4468-AA27-086570C12DF8}"
EndProject
Project("{2150E333-8FDC-42A3-9474-1A3956D46DE8}") = "tests", "tests", "{8741AA90-C15C-49F6-A1DC-B33AB78926A1}"
EndProject
Project("{2150E333-8FDC-42A3-9474-1A3956D46DE8}") = "Modules", "Modules", "{97E679CB-D8AD-47FB-870C-E792D4A93026}"
EndProject
Project("{FAE04EC0-301F-11D3-BF4B-00C04F79EFBC}") = "Akanami.FastDev.Client", "Client\Akanami.FastDev.Client\Akanami.FastDev.Client.csproj", "{0965D775-064E-4E94-9C31-54D7FAAFA633}"
EndProject
Project("{FAE04EC0-301F-11D3-BF4B-00C04F79EFBC}") = "Akanami.FastDev.Infrastructure", "Common\Akanami.FastDev.Infrastructure\Akanami.FastDev.Infrastructure.csproj", "{980B3104-B6FA-4EE3-A3CB-7747B746AF77}"
EndProject
Global
	GlobalSection(SolutionConfigurationPlatforms) = preSolution
		Debug|Any CPU = Debug|Any CPU
		Release|Any CPU = Release|Any CPU
	EndGlobalSection
	GlobalSection(ProjectConfigurationPlatforms) = postSolution
		{0965D775-064E-4E94-9C31-54D7FAAFA633}.Debug|Any CPU.ActiveCfg = Debug|Any CPU
		{0965D775-064E-4E94-9C31-54D7FAAFA633}.Debug|Any CPU.Build.0 = Debug|Any CPU
		{0965D775-064E-4E94-9C31-54D7FAAFA633}.Release|Any CPU.ActiveCfg = Release|Any CPU
		{0965D775-064E-4E94-9C31-54D7FAAFA633}.Release|Any CPU.Build.0 = Release|Any CPU
		{980B3104-B6FA-4EE3-A3CB-7747B746AF77}.Debug|Any CPU.ActiveCfg = Debug|Any CPU
		{980B3104-B6FA-4EE3-A3CB-7747B746AF77}.Debug|Any CPU.Build.0 = Debug|Any CPU
		{980B3104-B6FA-4EE3-A3CB-7747B746AF77}.Release|Any CPU.ActiveCfg = Release|Any CPU
		{980B3104-B6FA-4EE3-A3CB-7747B746AF77}.Release|Any CPU.Build.0 = Release|Any CPU
	EndGlobalSection
	GlobalSection(SolutionProperties) = preSolution
		HideSolutionNode = FALSE
	EndGlobalSection
	GlobalSection(NestedProjects) = preSolution
		{0965D775-064E-4E94-9C31-54D7FAAFA633} = {78CA7136-5406-4E29-B146-83AB482F217E}
		{980B3104-B6FA-4EE3-A3CB-7747B746AF77} = {AFA3EC5F-6820-4CA9-9855-3B6F43C63452}
	EndGlobalSection
	GlobalSection(ExtensibilityGlobals) = postSolution
		SolutionGuid = {D72B4268-7A3D-4A32-938A-C5169ECCA2EA}
	EndGlobalSection
EndGlobal
